
Microsoft Visual Studio Solution File, Format Version 12.00
# Visual Studio Version 16
VisualStudioVersion = 16.0.30114.105
MinimumVisualStudioVersion = 10.0.40219.1
Project("{FAE04EC0-301F-11D3-BF4B-00C04F79EFBC}") = "NivelAlcohol.Domain", "NivelAlcohol.Domain\NivelAlcohol.Domain.csproj", "{FE6F2AB0-9E9A-42F5-9383-75D201F85278}"
EndProject
Project("{FAE04EC0-301F-11D3-BF4B-00C04F79EFBC}") = "NivelAlcohol.Infraestructure", "NivelAlcohol.Infraestructure\NivelAlcohol.Infraestructure.csproj", "{267026EC-28C0-4E2F-BEB2-FFE437E2BB3E}"
EndProject
Project("{FAE04EC0-301F-11D3-BF4B-00C04F79EFBC}") = "NivelAlcohol.Application", "NivelAlcohol.Application\NivelAlcohol.Application.csproj", "{2D328618-8DD7-4CF0-BF36-0325AC6E405F}"
EndProject
Project("{FAE04EC0-301F-11D3-BF4B-00C04F79EFBC}") = "NivelAlcohol.Api", "NivelAlcohol.Api\NivelAlcohol.Api.csproj", "{ABD1D77A-E7D8-48AC-AECD-495E92C1187C}"
EndProject
Global
	GlobalSection(SolutionConfigurationPlatforms) = preSolution
		Debug|Any CPU = Debug|Any CPU
		Debug|x64 = Debug|x64
		Debug|x86 = Debug|x86
		Release|Any CPU = Release|Any CPU
		Release|x64 = Release|x64
		Release|x86 = Release|x86
	EndGlobalSection
	GlobalSection(SolutionProperties) = preSolution
		HideSolutionNode = FALSE
	EndGlobalSection
	GlobalSection(ProjectConfigurationPlatforms) = postSolution
		{FE6F2AB0-9E9A-42F5-9383-75D201F85278}.Debug|Any CPU.ActiveCfg = Debug|Any CPU
		{FE6F2AB0-9E9A-42F5-9383-75D201F85278}.Debug|Any CPU.Build.0 = Debug|Any CPU
		{FE6F2AB0-9E9A-42F5-9383-75D201F85278}.Debug|x64.ActiveCfg = Debug|Any CPU
		{FE6F2AB0-9E9A-42F5-9383-75D201F85278}.Debug|x64.Build.0 = Debug|Any CPU
		{FE6F2AB0-9E9A-42F5-9383-75D201F85278}.Debug|x86.ActiveCfg = Debug|Any CPU
		{FE6F2AB0-9E9A-42F5-9383-75D201F85278}.Debug|x86.Build.0 = Debug|Any CPU
		{FE6F2AB0-9E9A-42F5-9383-75D201F85278}.Release|Any CPU.ActiveCfg = Release|Any CPU
		{FE6F2AB0-9E9A-42F5-9383-75D201F85278}.Release|Any CPU.Build.0 = Release|Any CPU
		{FE6F2AB0-9E9A-42F5-9383-75D201F85278}.Release|x64.ActiveCfg = Release|Any CPU
		{FE6F2AB0-9E9A-42F5-9383-75D201F85278}.Release|x64.Build.0 = Release|Any CPU
		{FE6F2AB0-9E9A-42F5-9383-75D201F85278}.Release|x86.ActiveCfg = Release|Any CPU
		{FE6F2AB0-9E9A-42F5-9383-75D201F85278}.Release|x86.Build.0 = Release|Any CPU
		{267026EC-28C0-4E2F-BEB2-FFE437E2BB3E}.Debug|Any CPU.ActiveCfg = Debug|Any CPU
		{267026EC-28C0-4E2F-BEB2-FFE437E2BB3E}.Debug|Any CPU.Build.0 = Debug|Any CPU
		{267026EC-28C0-4E2F-BEB2-FFE437E2BB3E}.Debug|x64.ActiveCfg = Debug|Any CPU
		{267026EC-28C0-4E2F-BEB2-FFE437E2BB3E}.Debug|x64.Build.0 = Debug|Any CPU
		{267026EC-28C0-4E2F-BEB2-FFE437E2BB3E}.Debug|x86.ActiveCfg = Debug|Any CPU
		{267026EC-28C0-4E2F-BEB2-FFE437E2BB3E}.Debug|x86.Build.0 = Debug|Any CPU
		{267026EC-28C0-4E2F-BEB2-FFE437E2BB3E}.Release|Any CPU.ActiveCfg = Release|Any CPU
		{267026EC-28C0-4E2F-BEB2-FFE437E2BB3E}.Release|Any CPU.Build.0 = Release|Any CPU
		{267026EC-28C0-4E2F-BEB2-FFE437E2BB3E}.Release|x64.ActiveCfg = Release|Any CPU
		{267026EC-28C0-4E2F-BEB2-FFE437E2BB3E}.Release|x64.Build.0 = Release|Any CPU
		{267026EC-28C0-4E2F-BEB2-FFE437E2BB3E}.Release|x86.ActiveCfg = Release|Any CPU
		{267026EC-28C0-4E2F-BEB2-FFE437E2BB3E}.Release|x86.Build.0 = Release|Any CPU
		{2D328618-8DD7-4CF0-BF36-0325AC6E405F}.Debug|Any CPU.ActiveCfg = Debug|Any CPU
		{2D328618-8DD7-4CF0-BF36-0325AC6E405F}.Debug|Any CPU.Build.0 = Debug|Any CPU
		{2D328618-8DD7-4CF0-BF36-0325AC6E405F}.Debug|x64.ActiveCfg = Debug|Any CPU
		{2D328618-8DD7-4CF0-BF36-0325AC6E405F}.Debug|x64.Build.0 = Debug|Any CPU
		{2D328618-8DD7-4CF0-BF36-0325AC6E405F}.Debug|x86.ActiveCfg = Debug|Any CPU
		{2D328618-8DD7-4CF0-BF36-0325AC6E405F}.Debug|x86.Build.0 = Debug|Any CPU
		{2D328618-8DD7-4CF0-BF36-0325AC6E405F}.Release|Any CPU.ActiveCfg = Release|Any CPU
		{2D328618-8DD7-4CF0-BF36-0325AC6E405F}.Release|Any CPU.Build.0 = Release|Any CPU
		{2D328618-8DD7-4CF0-BF36-0325AC6E405F}.Release|x64.ActiveCfg = Release|Any CPU
		{2D328618-8DD7-4CF0-BF36-0325AC6E405F}.Release|x64.Build.0 = Release|Any CPU
		{2D328618-8DD7-4CF0-BF36-0325AC6E405F}.Release|x86.ActiveCfg = Release|Any CPU
		{2D328618-8DD7-4CF0-BF36-0325AC6E405F}.Release|x86.Build.0 = Release|Any CPU
		{ABD1D77A-E7D8-48AC-AECD-495E92C1187C}.Debug|Any CPU.ActiveCfg = Debug|Any CPU
		{ABD1D77A-E7D8-48AC-AECD-495E92C1187C}.Debug|Any CPU.Build.0 = Debug|Any CPU
		{ABD1D77A-E7D8-48AC-AECD-495E92C1187C}.Debug|x64.ActiveCfg = Debug|Any CPU
		{ABD1D77A-E7D8-48AC-AECD-495E92C1187C}.Debug|x64.Build.0 = Debug|Any CPU
		{ABD1D77A-E7D8-48AC-AECD-495E92C1187C}.Debug|x86.ActiveCfg = Debug|Any CPU
		{ABD1D77A-E7D8-48AC-AECD-495E92C1187C}.Debug|x86.Build.0 = Debug|Any CPU
		{ABD1D77A-E7D8-48AC-AECD-495E92C1187C}.Release|Any CPU.ActiveCfg = Release|Any CPU
		{ABD1D77A-E7D8-48AC-AECD-495E92C1187C}.Release|Any CPU.Build.0 = Release|Any CPU
		{ABD1D77A-E7D8-48AC-AECD-495E92C1187C}.Release|x64.ActiveCfg = Release|Any CPU
		{ABD1D77A-E7D8-48AC-AECD-495E92C1187C}.Release|x64.Build.0 = Release|Any CPU
		{ABD1D77A-E7D8-48AC-AECD-495E92C1187C}.Release|x86.ActiveCfg = Release|Any CPU
		{ABD1D77A-E7D8-48AC-AECD-495E92C1187C}.Release|x86.Build.0 = Release|Any CPU
	EndGlobalSection
EndGlobal
